# This file is automatically @generated by Poetry and should not be changed by hand.

[[package]]
name = "graphviz"
version = "0.20.1"
description = "Simple Python interface for Graphviz"
category = "main"
optional = false
python-versions = ">=3.7"
files = [
    {file = "graphviz-0.20.1-py3-none-any.whl", hash = "sha256:587c58a223b51611c0cf461132da386edd896a029524ca61a1462b880bf97977"},
    {file = "graphviz-0.20.1.zip", hash = "sha256:8c58f14adaa3b947daf26c19bc1e98c4e0702cdc31cf99153e6f06904d492bf8"},
]

[package.extras]
dev = ["flake8", "pep8-naming", "tox (>=3)", "twine", "wheel"]
docs = ["sphinx (>=5)", "sphinx-autodoc-typehints", "sphinx-rtd-theme"]
test = ["coverage", "mock (>=4)", "pytest (>=7)", "pytest-cov", "pytest-mock (>=3)"]

[[package]]
name = "networkx"
version = "3.0"
description = "Python package for creating and manipulating graphs and networks"
category = "main"
optional = false
python-versions = ">=3.8"
files = [
    {file = "networkx-3.0-py3-none-any.whl", hash = "sha256:58058d66b1818043527244fab9d41a51fcd7dcc271748015f3c181b8a90c8e2e"},
    {file = "networkx-3.0.tar.gz", hash = "sha256:9a9992345353618ae98339c2b63d8201c381c2944f38a2ab49cb45a4c667e412"},
]

[package.extras]
default = ["matplotlib (>=3.4)", "numpy (>=1.20)", "pandas (>=1.3)", "scipy (>=1.8)"]
developer = ["mypy (>=0.991)", "pre-commit (>=2.20)"]
doc = ["nb2plots (>=0.6)", "numpydoc (>=1.5)", "pillow (>=9.2)", "pydata-sphinx-theme (>=0.11)", "sphinx (==5.2.3)", "sphinx-gallery (>=0.11)", "texext (>=0.6.7)"]
extra = ["lxml (>=4.6)", "pydot (>=1.4.2)", "pygraphviz (>=1.10)", "sympy (>=1.10)"]
test = ["codecov (>=2.1)", "pytest (>=7.2)", "pytest-cov (>=4.0)"]

[metadata]
lock-version = "2.0"
python-versions = "^3.10"
content-hash = "6c22642cb8b7222cf8c0828b57c5ae2740a17d577294c50c0bb8d458fb19f7e1"
